// !$*UTF8*$!
{
	archiveVersion = 1;
	classes = {
	};
	objectVersion = 77;
	objects = {

/* Begin PBXBuildFile section */
		56A0DAB42E95898B009D8CBE /* Core in Frameworks */ = {isa = PBXBuildFile; productRef = 56A0DAB32E95898B009D8CBE /* Core */; };
		56A0DAB62E95898F009D8CBE /* Networking in Frameworks */ = {isa = PBXBuildFile; productRef = 56A0DAB52E95898F009D8CBE /* Networking */; };
		56A0DAB82E958992009D8CBE /* MarvelAPI in Frameworks */ = {isa = PBXBuildFile; productRef = 56A0DAB72E958992009D8CBE /* MarvelAPI */; };
		56A0DABA2E958996009D8CBE /* DesignSystem in Frameworks */ = {isa = PBXBuildFile; productRef = 56A0DAB92E958996009D8CBE /* DesignSystem */; };
		56A0DABC2E95899B009D8CBE /* CharacterList in Frameworks */ = {isa = PBXBuildFile; productRef = 56A0DABB2E95899B009D8CBE /* CharacterList */; };
		56A0DABE2E9589A0009D8CBE /* AppCoordinator in Frameworks */ = {isa = PBXBuildFile; productRef = 56A0DABD2E9589A0009D8CBE /* AppCoordinator */; };
/* End PBXBuildFile section */

/* Begin PBXContainerItemProxy section */
		567170A72E953BD3008FDB22 /* PBXContainerItemProxy */ = {
			isa = PBXContainerItemProxy;
			containerPortal = 567170912E953BD2008FDB22 /* Project object */;
			proxyType = 1;
			remoteGlobalIDString = 567170982E953BD2008FDB22;
			remoteInfo = MarvelApp;
		};
		567170B12E953BD3008FDB22 /* PBXContainerItemProxy */ = {
			isa = PBXContainerItemProxy;
			containerPortal = 567170912E953BD2008FDB22 /* Project object */;
			proxyType = 1;
			remoteGlobalIDString = 567170982E953BD2008FDB22;
			remoteInfo = MarvelApp;
		};
/* End PBXContainerItemProxy section */

/* Begin PBXFileReference section */
		564818D82E9705BA0087FC53 /* MarvelApp.xctestplan */ = {isa = PBXFileReference; lastKnownFileType = text; path = MarvelApp.xctestplan; sourceTree = "<group>"; };
		567170992E953BD2008FDB22 /* MarvelApp.app */ = {isa = PBXFileReference; explicitFileType = wrapper.application; includeInIndex = 0; path = MarvelApp.app; sourceTree = BUILT_PRODUCTS_DIR; };
		567170A62E953BD3008FDB22 /* MarvelAppTests.xctest */ = {isa = PBXFileReference; explicitFileType = wrapper.cfbundle; includeInIndex = 0; path = MarvelAppTests.xctest; sourceTree = BUILT_PRODUCTS_DIR; };
		567170B02E953BD3008FDB22 /* MarvelAppUITests.xctest */ = {isa = PBXFileReference; explicitFileType = wrapper.cfbundle; includeInIndex = 0; path = MarvelAppUITests.xctest; sourceTree = BUILT_PRODUCTS_DIR; };
		56A0DAC42E958F20009D8CBE /* Info.plist */ = {isa = PBXFileReference; lastKnownFileType = text.plist.xml; path = Info.plist; sourceTree = "<group>"; };
/* End PBXFileReference section */

/* Begin PBXFileSystemSynchronizedRootGroup section */
		5671709B2E953BD2008FDB22 /* MarvelApp */ = {
			isa = PBXFileSystemSynchronizedRootGroup;
			path = MarvelApp;
			sourceTree = "<group>";
		};
		567170A92E953BD3008FDB22 /* MarvelAppTests */ = {
			isa = PBXFileSystemSynchronizedRootGroup;
			path = MarvelAppTests;
			sourceTree = "<group>";
		};
		567170B32E953BD3008FDB22 /* MarvelAppUITests */ = {
			isa = PBXFileSystemSynchronizedRootGroup;
			path = MarvelAppUITests;
			sourceTree = "<group>";
		};
/* End PBXFileSystemSynchronizedRootGroup section */

/* Begin PBXFrameworksBuildPhase section */
		567170962E953BD2008FDB22 /* Frameworks */ = {
			isa = PBXFrameworksBuildPhase;
			buildActionMask = 2147483647;
			files = (
				56A0DABC2E95899B009D8CBE /* CharacterList in Frameworks */,
				56A0DAB62E95898F009D8CBE /* Networking in Frameworks */,
				56A0DAB82E958992009D8CBE /* MarvelAPI in Frameworks */,
				56A0DABE2E9589A0009D8CBE /* AppCoordinator in Frameworks */,
				56A0DAB42E95898B009D8CBE /* Core in Frameworks */,
				56A0DABA2E958996009D8CBE /* DesignSystem in Frameworks */,
			);
			runOnlyForDeploymentPostprocessing = 0;
		};
		567170A32E953BD3008FDB22 /* Frameworks */ = {
			isa = PBXFrameworksBuildPhase;
			buildActionMask = 2147483647;
			files = (
			);
			runOnlyForDeploymentPostprocessing = 0;
		};
		567170AD2E953BD3008FDB22 /* Frameworks */ = {
			isa = PBXFrameworksBuildPhase;
			buildActionMask = 2147483647;
			files = (
			);
			runOnlyForDeploymentPostprocessing = 0;
		};
/* End PBXFrameworksBuildPhase section */

/* Begin PBXGroup section */
		567170902E953BD2008FDB22 = {
			isa = PBXGroup;
			children = (
				564818D82E9705BA0087FC53 /* MarvelApp.xctestplan */,
				56A0DAC42E958F20009D8CBE /* Info.plist */,
				5671709B2E953BD2008FDB22 /* MarvelApp */,
				567170A92E953BD3008FDB22 /* MarvelAppTests */,
				567170B32E953BD3008FDB22 /* MarvelAppUITests */,
				56A0DAB22E95898B009D8CBE /* Frameworks */,
				5671709A2E953BD2008FDB22 /* Products */,
			);
			sourceTree = "<group>";
		};
		5671709A2E953BD2008FDB22 /* Products */ = {
			isa = PBXGroup;
			children = (
				567170992E953BD2008FDB22 /* MarvelApp.app */,
				567170A62E953BD3008FDB22 /* MarvelAppTests.xctest */,
				567170B02E953BD3008FDB22 /* MarvelAppUITests.xctest */,
			);
			name = Products;
			sourceTree = "<group>";
		};
		56A0DAB22E95898B009D8CBE /* Frameworks */ = {
			isa = PBXGroup;
			children = (
			);
			name = Frameworks;
			sourceTree = "<group>";
		};
/* End PBXGroup section */

/* Begin PBXNativeTarget section */
		567170982E953BD2008FDB22 /* MarvelApp */ = {
			isa = PBXNativeTarget;
			buildConfigurationList = 567170BA2E953BD3008FDB22 /* Build configuration list for PBXNativeTarget "MarvelApp" */;
			buildPhases = (
				567170952E953BD2008FDB22 /* Sources */,
				567170962E953BD2008FDB22 /* Frameworks */,
				567170972E953BD2008FDB22 /* Resources */,
			);
			buildRules = (
			);
			dependencies = (
			);
			fileSystemSynchronizedGroups = (
				5671709B2E953BD2008FDB22 /* MarvelApp */,
			);
			name = MarvelApp;
			packageProductDependencies = (
				56A0DAB32E95898B009D8CBE /* Core */,
				56A0DAB52E95898F009D8CBE /* Networking */,
				56A0DAB72E958992009D8CBE /* MarvelAPI */,
				56A0DAB92E958996009D8CBE /* DesignSystem */,
				56A0DABB2E95899B009D8CBE /* CharacterList */,
				56A0DABD2E9589A0009D8CBE /* AppCoordinator */,
			);
			productName = MarvelApp;
			productReference = 567170992E953BD2008FDB22 /* MarvelApp.app */;
			productType = "com.apple.product-type.application";
		};
		567170A52E953BD3008FDB22 /* MarvelAppTests */ = {
			isa = PBXNativeTarget;
			buildConfigurationList = 567170BD2E953BD3008FDB22 /* Build configuration list for PBXNativeTarget "MarvelAppTests" */;
			buildPhases = (
				567170A22E953BD3008FDB22 /* Sources */,
				567170A32E953BD3008FDB22 /* Frameworks */,
				567170A42E953BD3008FDB22 /* Resources */,
			);
			buildRules = (
			);
			dependencies = (
				567170A82E953BD3008FDB22 /* PBXTargetDependency */,
			);
			fileSystemSynchronizedGroups = (
				567170A92E953BD3008FDB22 /* MarvelAppTests */,
			);
			name = MarvelAppTests;
			packageProductDependencies = (
			);
			productName = MarvelAppTests;
			productReference = 567170A62E953BD3008FDB22 /* MarvelAppTests.xctest */;
			productType = "com.apple.product-type.bundle.unit-test";
		};
		567170AF2E953BD3008FDB22 /* MarvelAppUITests */ = {
			isa = PBXNativeTarget;
			buildConfigurationList = 567170C02E953BD3008FDB22 /* Build configuration list for PBXNativeTarget "MarvelAppUITests" */;
			buildPhases = (
				567170AC2E953BD3008FDB22 /* Sources */,
				567170AD2E953BD3008FDB22 /* Frameworks */,
				567170AE2E953BD3008FDB22 /* Resources */,
			);
			buildRules = (
			);
			dependencies = (
				567170B22E953BD3008FDB22 /* PBXTargetDependency */,
			);
			fileSystemSynchronizedGroups = (
				567170B32E953BD3008FDB22 /* MarvelAppUITests */,
			);
			name = MarvelAppUITests;
			packageProductDependencies = (
			);
			productName = MarvelAppUITests;
			productReference = 567170B02E953BD3008FDB22 /* MarvelAppUITests.xctest */;
			productType = "com.apple.product-type.bundle.ui-testing";
		};
/* End PBXNativeTarget section */

/* Begin PBXProject section */
		567170912E953BD2008FDB22 /* Project object */ = {
			isa = PBXProject;
			attributes = {
				BuildIndependentTargetsInParallel = 1;
				LastSwiftUpdateCheck = 2600;
				LastUpgradeCheck = 2600;
				TargetAttributes = {
					567170982E953BD2008FDB22 = {
						CreatedOnToolsVersion = 26.0.1;
					};
					567170A52E953BD3008FDB22 = {
						CreatedOnToolsVersion = 26.0.1;
						TestTargetID = 567170982E953BD2008FDB22;
					};
					567170AF2E953BD3008FDB22 = {
						CreatedOnToolsVersion = 26.0.1;
						TestTargetID = 567170982E953BD2008FDB22;
					};
				};
			};
			buildConfigurationList = 567170942E953BD2008FDB22 /* Build configuration list for PBXProject "MarvelApp" */;
			developmentRegion = en;
			hasScannedForEncodings = 0;
			knownRegions = (
				en,
				Base,
			);
			mainGroup = 567170902E953BD2008FDB22;
			minimizedProjectReferenceProxies = 1;
			packageReferences = (
				56A0DAAC2E9587D5009D8CBE /* XCLocalSwiftPackageReference "Modules/Core" */,
				56A0DAAD2E9587E4009D8CBE /* XCLocalSwiftPackageReference "Modules/Networking" */,
				56A0DAAE2E9587F6009D8CBE /* XCLocalSwiftPackageReference "Modules/MarvelAPI" */,
				56A0DAAF2E958803009D8CBE /* XCLocalSwiftPackageReference "Modules/DesignSystem" */,
				56A0DAB02E958815009D8CBE /* XCLocalSwiftPackageReference "Modules/Features/CharacterList" */,
				56A0DAB12E95881E009D8CBE /* XCLocalSwiftPackageReference "Modules/AppCoordinator" */,
			);
			preferredProjectObjectVersion = 77;
			productRefGroup = 5671709A2E953BD2008FDB22 /* Products */;
			projectDirPath = "";
			projectRoot = "";
			targets = (
				567170982E953BD2008FDB22 /* MarvelApp */,
				567170A52E953BD3008FDB22 /* MarvelAppTests */,
				567170AF2E953BD3008FDB22 /* MarvelAppUITests */,
			);
		};
/* End PBXProject section */

/* Begin PBXResourcesBuildPhase section */
		567170972E953BD2008FDB22 /* Resources */ = {
			isa = PBXResourcesBuildPhase;
			buildActionMask = 2147483647;
			files = (
			);
			runOnlyForDeploymentPostprocessing = 0;
		};
		567170A42E953BD3008FDB22 /* Resources */ = {
			isa = PBXResourcesBuildPhase;
			buildActionMask = 2147483647;
			files = (
			);
			runOnlyForDeploymentPostprocessing = 0;
		};
		567170AE2E953BD3008FDB22 /* Resources */ = {
			isa = PBXResourcesBuildPhase;
			buildActionMask = 2147483647;
			files = (
			);
			runOnlyForDeploymentPostprocessing = 0;
		};
/* End PBXResourcesBuildPhase section */

/* Begin PBXSourcesBuildPhase section */
		567170952E953BD2008FDB22 /* Sources */ = {
			isa = PBXSourcesBuildPhase;
			buildActionMask = 2147483647;
			files = (
			);
			runOnlyForDeploymentPostprocessing = 0;
		};
		567170A22E953BD3008FDB22 /* Sources */ = {
			isa = PBXSourcesBuildPhase;
			buildActionMask = 2147483647;
			files = (
			);
			runOnlyForDeploymentPostprocessing = 0;
		};
		567170AC2E953BD3008FDB22 /* Sources */ = {
			isa = PBXSourcesBuildPhase;
			buildActionMask = 2147483647;
			files = (
			);
			runOnlyForDeploymentPostprocessing = 0;
		};
/* End PBXSourcesBuildPhase section */

/* Begin PBXTargetDependency section */
		567170A82E953BD3008FDB22 /* PBXTargetDependency */ = {
			isa = PBXTargetDependency;
			target = 567170982E953BD2008FDB22 /* MarvelApp */;
			targetProxy = 567170A72E953BD3008FDB22 /* PBXContainerItemProxy */;
		};
		567170B22E953BD3008FDB22 /* PBXTargetDependency */ = {
			isa = PBXTargetDependency;
			target = 567170982E953BD2008FDB22 /* MarvelApp */;
			targetProxy = 567170B12E953BD3008FDB22 /* PBXContainerItemProxy */;
		};
/* End PBXTargetDependency section */

/* Begin XCBuildConfiguration section */
		567170B82E953BD3008FDB22 /* Debug */ = {
			isa = XCBuildConfiguration;
			baseConfigurationReferenceAnchor = 5671709B2E953BD2008FDB22 /* MarvelApp */;
			baseConfigurationReferenceRelativePath = Config/Secrets.xcconfig;
			buildSettings = {
				ALWAYS_SEARCH_USER_PATHS = NO;
				ASSETCATALOG_COMPILER_GENERATE_SWIFT_ASSET_SYMBOL_EXTENSIONS = YES;
				CLANG_ANALYZER_NONNULL = YES;
				CLANG_ANALYZER_NUMBER_OBJECT_CONVERSION = YES_AGGRESSIVE;
				CLANG_CXX_LANGUAGE_STANDARD = "gnu++20";
				CLANG_ENABLE_MODULES = YES;
				CLANG_ENABLE_OBJC_ARC = YES;
				CLANG_ENABLE_OBJC_WEAK = YES;
				CLANG_WARN_BLOCK_CAPTURE_AUTORELEASING = YES;
				CLANG_WARN_BOOL_CONVERSION = YES;
				CLANG_WARN_COMMA = YES;
				CLANG_WARN_CONSTANT_CONVERSION = YES;
				CLANG_WARN_DEPRECATED_OBJC_IMPLEMENTATIONS = YES;
				CLANG_WARN_DIRECT_OBJC_ISA_USAGE = YES_ERROR;
				CLANG_WARN_DOCUMENTATION_COMMENTS = YES;
				CLANG_WARN_EMPTY_BODY = YES;
				CLANG_WARN_ENUM_CONVERSION = YES;
				CLANG_WARN_INFINITE_RECURSION = YES;
				CLANG_WARN_INT_CONVERSION = YES;
				CLANG_WARN_NON_LITERAL_NULL_CONVERSION = YES;
				CLANG_WARN_OBJC_IMPLICIT_RETAIN_SELF = YES;
				CLANG_WARN_OBJC_LITERAL_CONVERSION = YES;
				CLANG_WARN_OBJC_ROOT_CLASS = YES_ERROR;
				CLANG_WARN_QUOTED_INCLUDE_IN_FRAMEWORK_HEADER = YES;
				CLANG_WARN_RANGE_LOOP_ANALYSIS = YES;
				CLANG_WARN_STRICT_PROTOTYPES = YES;
				CLANG_WARN_SUSPICIOUS_MOVE = YES;
				CLANG_WARN_UNGUARDED_AVAILABILITY = YES_AGGRESSIVE;
				CLANG_WARN_UNREACHABLE_CODE = YES;
				CLANG_WARN__DUPLICATE_METHOD_MATCH = YES;
				COPY_PHASE_STRIP = NO;
				DEBUG_INFORMATION_FORMAT = dwarf;
				DEVELOPMENT_TEAM = RAPUF7DNCF;
				ENABLE_STRICT_OBJC_MSGSEND = YES;
				ENABLE_TESTABILITY = YES;
				ENABLE_USER_SCRIPT_SANDBOXING = YES;
				GCC_C_LANGUAGE_STANDARD = gnu17;
				GCC_DYNAMIC_NO_PIC = NO;
				GCC_NO_COMMON_BLOCKS = YES;
				GCC_OPTIMIZATION_LEVEL = 0;
				GCC_PREPROCESSOR_DEFINITIONS = (
					"DEBUG=1",
					"$(inherited)",
				);
				GCC_WARN_64_TO_32_BIT_CONVERSION = YES;
				GCC_WARN_ABOUT_RETURN_TYPE = YES_ERROR;
				GCC_WARN_UNDECLARED_SELECTOR = YES;
				GCC_WARN_UNINITIALIZED_AUTOS = YES_AGGRESSIVE;
				GCC_WARN_UNUSED_FUNCTION = YES;
				GCC_WARN_UNUSED_VARIABLE = YES;
				IPHONEOS_DEPLOYMENT_TARGET = 26.0;
				LOCALIZATION_PREFERS_STRING_CATALOGS = YES;
				MTL_ENABLE_DEBUG_INFO = INCLUDE_SOURCE;
				MTL_FAST_MATH = YES;
				ONLY_ACTIVE_ARCH = YES;
				SDKROOT = iphoneos;
				SWIFT_ACTIVE_COMPILATION_CONDITIONS = "DEBUG $(inherited)";
				SWIFT_OPTIMIZATION_LEVEL = "-Onone";
			};
			name = Debug;
		};
		567170B92E953BD3008FDB22 /* Release */ = {
			isa = XCBuildConfiguration;
			baseConfigurationReferenceAnchor = 5671709B2E953BD2008FDB22 /* MarvelApp */;
			baseConfigurationReferenceRelativePath = Config/Secrets.xcconfig;
			buildSettings = {
				ALWAYS_SEARCH_USER_PATHS = NO;
				ASSETCATALOG_COMPILER_GENERATE_SWIFT_ASSET_SYMBOL_EXTENSIONS = YES;
				CLANG_ANALYZER_NONNULL = YES;
				CLANG_ANALYZER_NUMBER_OBJECT_CONVERSION = YES_AGGRESSIVE;
				CLANG_CXX_LANGUAGE_STANDARD = "gnu++20";
				CLANG_ENABLE_MODULES = YES;
				CLANG_ENABLE_OBJC_ARC = YES;
				CLANG_ENABLE_OBJC_WEAK = YES;
				CLANG_WARN_BLOCK_CAPTURE_AUTORELEASING = YES;
				CLANG_WARN_BOOL_CONVERSION = YES;
				CLANG_WARN_COMMA = YES;
				CLANG_WARN_CONSTANT_CONVERSION = YES;
				CLANG_WARN_DEPRECATED_OBJC_IMPLEMENTATIONS = YES;
				CLANG_WARN_DIRECT_OBJC_ISA_USAGE = YES_ERROR;
				CLANG_WARN_DOCUMENTATION_COMMENTS = YES;
				CLANG_WARN_EMPTY_BODY = YES;
				CLANG_WARN_ENUM_CONVERSION = YES;
				CLANG_WARN_INFINITE_RECURSION = YES;
				CLANG_WARN_INT_CONVERSION = YES;
				CLANG_WARN_NON_LITERAL_NULL_CONVERSION = YES;
				CLANG_WARN_OBJC_IMPLICIT_RETAIN_SELF = YES;
				CLANG_WARN_OBJC_LITERAL_CONVERSION = YES;
				CLANG_WARN_OBJC_ROOT_CLASS = YES_ERROR;
				CLANG_WARN_QUOTED_INCLUDE_IN_FRAMEWORK_HEADER = YES;
				CLANG_WARN_RANGE_LOOP_ANALYSIS = YES;
				CLANG_WARN_STRICT_PROTOTYPES = YES;
				CLANG_WARN_SUSPICIOUS_MOVE = YES;
				CLANG_WARN_UNGUARDED_AVAILABILITY = YES_AGGRESSIVE;
				CLANG_WARN_UNREACHABLE_CODE = YES;
				CLANG_WARN__DUPLICATE_METHOD_MATCH = YES;
				COPY_PHASE_STRIP = NO;
				DEBUG_INFORMATION_FORMAT = "dwarf-with-dsym";
				DEVELOPMENT_TEAM = RAPUF7DNCF;
				ENABLE_NS_ASSERTIONS = NO;
				ENABLE_STRICT_OBJC_MSGSEND = YES;
				ENABLE_USER_SCRIPT_SANDBOXING = YES;
				GCC_C_LANGUAGE_STANDARD = gnu17;
				GCC_NO_COMMON_BLOCKS = YES;
				GCC_WARN_64_TO_32_BIT_CONVERSION = YES;
				GCC_WARN_ABOUT_RETURN_TYPE = YES_ERROR;
				GCC_WARN_UNDECLARED_SELECTOR = YES;
				GCC_WARN_UNINITIALIZED_AUTOS = YES_AGGRESSIVE;
				GCC_WARN_UNUSED_FUNCTION = YES;
				GCC_WARN_UNUSED_VARIABLE = YES;
				IPHONEOS_DEPLOYMENT_TARGET = 26.0;
				LOCALIZATION_PREFERS_STRING_CATALOGS = YES;
				MTL_ENABLE_DEBUG_INFO = NO;
				MTL_FAST_MATH = YES;
				SDKROOT = iphoneos;
				SWIFT_COMPILATION_MODE = wholemodule;
				VALIDATE_PRODUCT = YES;
			};
			name = Release;
		};
		567170BB2E953BD3008FDB22 /* Debug */ = {
			isa = XCBuildConfiguration;
			buildSettings = {
				ASSETCATALOG_COMPILER_APPICON_NAME = AppIcon;
				ASSETCATALOG_COMPILER_GLOBAL_ACCENT_COLOR_NAME = AccentColor;
				CODE_SIGN_STYLE = Automatic;
				CURRENT_PROJECT_VERSION = 1;
				DEVELOPMENT_TEAM = RAPUF7DNCF;
				ENABLE_PREVIEWS = YES;
				GENERATE_INFOPLIST_FILE = NO;
				INFOPLIST_FILE = "$(PROJECT_DIR)/Info.plist";
				INFOPLIST_KEY_UIApplicationSceneManifest_Generation = YES;
				INFOPLIST_KEY_UIApplicationSupportsIndirectInputEvents = YES;
				INFOPLIST_KEY_UILaunchScreen_Generation = YES;
				INFOPLIST_KEY_UISupportedInterfaceOrientations_iPad = "UIInterfaceOrientationPortrait UIInterfaceOrientationPortraitUpsideDown UIInterfaceOrientationLandscapeLeft UIInterfaceOrientationLandscapeRight";
				INFOPLIST_KEY_UISupportedInterfaceOrientations_iPhone = "UIInterfaceOrientationPortrait UIInterfaceOrientationLandscapeLeft UIInterfaceOrientationLandscapeRight";
				LD_RUNPATH_SEARCH_PATHS = (
					"$(inherited)",
					"@executable_path/Frameworks",
				);
				MARKETING_VERSION = 1.0;
				PRODUCT_BUNDLE_IDENTIFIER = me.tonial.ivan.MarvelApp;
				PRODUCT_NAME = "$(TARGET_NAME)";
				STRING_CATALOG_GENERATE_SYMBOLS = YES;
				SUPPORTED_PLATFORMS = "iphoneos iphonesimulator";
				SUPPORTS_MACCATALYST = NO;
				SUPPORTS_MAC_DESIGNED_FOR_IPHONE_IPAD = NO;
				SUPPORTS_XR_DESIGNED_FOR_IPHONE_IPAD = NO;
				SWIFT_APPROACHABLE_CONCURRENCY = YES;
				SWIFT_DEFAULT_ACTOR_ISOLATION = MainActor;
				SWIFT_EMIT_LOC_STRINGS = YES;
				SWIFT_UPCOMING_FEATURE_MEMBER_IMPORT_VISIBILITY = YES;
				SWIFT_VERSION = 5.0;
				TARGETED_DEVICE_FAMILY = "1,2";
			};
			name = Debug;
		};
		567170BC2E953BD3008FDB22 /* Release */ = {
			isa = XCBuildConfiguration;
			buildSettings = {
				ASSETCATALOG_COMPILER_APPICON_NAME = AppIcon;
				ASSETCATALOG_COMPILER_GLOBAL_ACCENT_COLOR_NAME = AccentColor;
				CODE_SIGN_STYLE = Automatic;
				CURRENT_PROJECT_VERSION = 1;
				DEVELOPMENT_TEAM = RAPUF7DNCF;
				ENABLE_PREVIEWS = YES;
				GENERATE_INFOPLIST_FILE = NO;
				INFOPLIST_FILE = "$(PROJECT_DIR)/Info.plist";
				INFOPLIST_KEY_UIApplicationSceneManifest_Generation = YES;
				INFOPLIST_KEY_UIApplicationSupportsIndirectInputEvents = YES;
				INFOPLIST_KEY_UILaunchScreen_Generation = YES;
				INFOPLIST_KEY_UISupportedInterfaceOrientations_iPad = "UIInterfaceOrientationPortrait UIInterfaceOrientationPortraitUpsideDown UIInterfaceOrientationLandscapeLeft UIInterfaceOrientationLandscapeRight";
				INFOPLIST_KEY_UISupportedInterfaceOrientations_iPhone = "UIInterfaceOrientationPortrait UIInterfaceOrientationLandscapeLeft UIInterfaceOrientationLandscapeRight";
				LD_RUNPATH_SEARCH_PATHS = (
					"$(inherited)",
					"@executable_path/Frameworks",
				);
				MARKETING_VERSION = 1.0;
				PRODUCT_BUNDLE_IDENTIFIER = me.tonial.ivan.MarvelApp;
				PRODUCT_NAME = "$(TARGET_NAME)";
				STRING_CATALOG_GENERATE_SYMBOLS = YES;
				SUPPORTED_PLATFORMS = "iphoneos iphonesimulator";
				SUPPORTS_MACCATALYST = NO;
				SUPPORTS_MAC_DESIGNED_FOR_IPHONE_IPAD = NO;
				SUPPORTS_XR_DESIGNED_FOR_IPHONE_IPAD = NO;
				SWIFT_APPROACHABLE_CONCURRENCY = YES;
				SWIFT_DEFAULT_ACTOR_ISOLATION = MainActor;
				SWIFT_EMIT_LOC_STRINGS = YES;
				SWIFT_UPCOMING_FEATURE_MEMBER_IMPORT_VISIBILITY = YES;
				SWIFT_VERSION = 5.0;
				TARGETED_DEVICE_FAMILY = "1,2";
			};
			name = Release;
		};
		567170BE2E953BD3008FDB22 /* Debug */ = {
			isa = XCBuildConfiguration;
			buildSettings = {
				BUNDLE_LOADER = "$(TEST_HOST)";
				CODE_SIGN_STYLE = Automatic;
				CURRENT_PROJECT_VERSION = 1;
				DEVELOPMENT_TEAM = RAPUF7DNCF;
				GENERATE_INFOPLIST_FILE = YES;
				IPHONEOS_DEPLOYMENT_TARGET = 26.0;
				MARKETING_VERSION = 1.0;
				PRODUCT_BUNDLE_IDENTIFIER = me.tonial.ivan.MarvelAppTests;
				PRODUCT_NAME = "$(TARGET_NAME)";
				STRING_CATALOG_GENERATE_SYMBOLS = NO;
				SWIFT_APPROACHABLE_CONCURRENCY = YES;
				SWIFT_EMIT_LOC_STRINGS = NO;
				SWIFT_UPCOMING_FEATURE_MEMBER_IMPORT_VISIBILITY = YES;
				SWIFT_VERSION = 5.0;
				TARGETED_DEVICE_FAMILY = "1,2";
				TEST_HOST = "$(BUILT_PRODUCTS_DIR)/MarvelApp.app/$(BUNDLE_EXECUTABLE_FOLDER_PATH)/MarvelApp";
			};
			name = Debug;
		};
		567170BF2E953BD3008FDB22 /* Release */ = {
			isa = XCBuildConfiguration;
			buildSettings = {
				BUNDLE_LOADER = "$(TEST_HOST)";
				CODE_SIGN_STYLE = Automatic;
				CURRENT_PROJECT_VERSION = 1;
				DEVELOPMENT_TEAM = RAPUF7DNCF;
				GENERATE_INFOPLIST_FILE = YES;
				IPHONEOS_DEPLOYMENT_TARGET = 26.0;
				MARKETING_VERSION = 1.0;
				PRODUCT_BUNDLE_IDENTIFIER = me.tonial.ivan.MarvelAppTests;
				PRODUCT_NAME = "$(TARGET_NAME)";
				STRING_CATALOG_GENERATE_SYMBOLS = NO;
				SWIFT_APPROACHABLE_CONCURRENCY = YES;
				SWIFT_EMIT_LOC_STRINGS = NO;
				SWIFT_UPCOMING_FEATURE_MEMBER_IMPORT_VISIBILITY = YES;
				SWIFT_VERSION = 5.0;
				TARGETED_DEVICE_FAMILY = "1,2";
				TEST_HOST = "$(BUILT_PRODUCTS_DIR)/MarvelApp.app/$(BUNDLE_EXECUTABLE_FOLDER_PATH)/MarvelApp";
			};
			name = Release;
		};
		567170C12E953BD3008FDB22 /* Debug */ = {
			isa = XCBuildConfiguration;
			buildSettings = {
				CODE_SIGN_STYLE = Automatic;
				CURRENT_PROJECT_VERSION = 1;
				DEVELOPMENT_TEAM = RAPUF7DNCF;
				GENERATE_INFOPLIST_FILE = YES;
				MARKETING_VERSION = 1.0;
				PRODUCT_BUNDLE_IDENTIFIER = me.tonial.ivan.MarvelAppUITests;
				PRODUCT_NAME = "$(TARGET_NAME)";
				STRING_CATALOG_GENERATE_SYMBOLS = NO;
				SWIFT_APPROACHABLE_CONCURRENCY = YES;
				SWIFT_EMIT_LOC_STRINGS = NO;
				SWIFT_UPCOMING_FEATURE_MEMBER_IMPORT_VISIBILITY = YES;
				SWIFT_VERSION = 5.0;
				TARGETED_DEVICE_FAMILY = "1,2";
				TEST_TARGET_NAME = MarvelApp;
			};
			name = Debug;
		};
		567170C22E953BD3008FDB22 /* Release */ = {
			isa = XCBuildConfiguration;
			buildSettings = {
				CODE_SIGN_STYLE = Automatic;
				CURRENT_PROJECT_VERSION = 1;
				DEVELOPMENT_TEAM = RAPUF7DNCF;
				GENERATE_INFOPLIST_FILE = YES;
				MARKETING_VERSION = 1.0;
				PRODUCT_BUNDLE_IDENTIFIER = me.tonial.ivan.MarvelAppUITests;
				PRODUCT_NAME = "$(TARGET_NAME)";
				STRING_CATALOG_GENERATE_SYMBOLS = NO;
				SWIFT_APPROACHABLE_CONCURRENCY = YES;
				SWIFT_EMIT_LOC_STRINGS = NO;
				SWIFT_UPCOMING_FEATURE_MEMBER_IMPORT_VISIBILITY = YES;
				SWIFT_VERSION = 5.0;
				TARGETED_DEVICE_FAMILY = "1,2";
				TEST_TARGET_NAME = MarvelApp;
			};
			name = Release;
		};
/* End XCBuildConfiguration section */

/* Begin XCConfigurationList section */
		567170942E953BD2008FDB22 /* Build configuration list for PBXProject "MarvelApp" */ = {
			isa = XCConfigurationList;
			buildConfigurations = (
				567170B82E953BD3008FDB22 /* Debug */,
				567170B92E953BD3008FDB22 /* Release */,
			);
			defaultConfigurationIsVisible = 0;
			defaultConfigurationName = Release;
		};
		567170BA2E953BD3008FDB22 /* Build configuration list for PBXNativeTarget "MarvelApp" */ = {
			isa = XCConfigurationList;
			buildConfigurations = (
				567170BB2E953BD3008FDB22 /* Debug */,
				567170BC2E953BD3008FDB22 /* Release */,
			);
			defaultConfigurationIsVisible = 0;
			defaultConfigurationName = Release;
		};
		567170BD2E953BD3008FDB22 /* Build configuration list for PBXNativeTarget "MarvelAppTests" */ = {
			isa = XCConfigurationList;
			buildConfigurations = (
				567170BE2E953BD3008FDB22 /* Debug */,
				567170BF2E953BD3008FDB22 /* Release */,
			);
			defaultConfigurationIsVisible = 0;
			defaultConfigurationName = Release;
		};
		567170C02E953BD3008FDB22 /* Build configuration list for PBXNativeTarget "MarvelAppUITests" */ = {
			isa = XCConfigurationList;
			buildConfigurations = (
				567170C12E953BD3008FDB22 /* Debug */,
				567170C22E953BD3008FDB22 /* Release */,
			);
			defaultConfigurationIsVisible = 0;
			defaultConfigurationName = Release;
		};
/* End XCConfigurationList section */

/* Begin XCLocalSwiftPackageReference section */
		56A0DAAC2E9587D5009D8CBE /* XCLocalSwiftPackageReference "Modules/Core" */ = {
			isa = XCLocalSwiftPackageReference;
			relativePath = Modules/Core;
		};
		56A0DAAD2E9587E4009D8CBE /* XCLocalSwiftPackageReference "Modules/Networking" */ = {
			isa = XCLocalSwiftPackageReference;
			relativePath = Modules/Networking;
		};
		56A0DAAE2E9587F6009D8CBE /* XCLocalSwiftPackageReference "Modules/MarvelAPI" */ = {
			isa = XCLocalSwiftPackageReference;
			relativePath = Modules/MarvelAPI;
		};
		56A0DAAF2E958803009D8CBE /* XCLocalSwiftPackageReference "Modules/DesignSystem" */ = {
			isa = XCLocalSwiftPackageReference;
			relativePath = Modules/DesignSystem;
		};
		56A0DAB02E958815009D8CBE /* XCLocalSwiftPackageReference "Modules/Features/CharacterList" */ = {
			isa = XCLocalSwiftPackageReference;
			relativePath = Modules/Features/CharacterList;
		};
		56A0DAB12E95881E009D8CBE /* XCLocalSwiftPackageReference "Modules/AppCoordinator" */ = {
			isa = XCLocalSwiftPackageReference;
			relativePath = Modules/AppCoordinator;
		};
/* End XCLocalSwiftPackageReference section */

/* Begin XCSwiftPackageProductDependency section */
		56A0DAB32E95898B009D8CBE /* Core */ = {
			isa = XCSwiftPackageProductDependency;
			package = 56A0DAAC2E9587D5009D8CBE /* XCLocalSwiftPackageReference "Modules/Core" */;
			productName = Core;
		};
		56A0DAB52E95898F009D8CBE /* Networking */ = {
			isa = XCSwiftPackageProductDependency;
			package = 56A0DAAD2E9587E4009D8CBE /* XCLocalSwiftPackageReference "Modules/Networking" */;
			productName = Networking;
		};
		56A0DAB72E958992009D8CBE /* MarvelAPI */ = {
			isa = XCSwiftPackageProductDependency;
			package = 56A0DAAE2E9587F6009D8CBE /* XCLocalSwiftPackageReference "Modules/MarvelAPI" */;
			productName = MarvelAPI;
		};
		56A0DAB92E958996009D8CBE /* DesignSystem */ = {
			isa = XCSwiftPackageProductDependency;
			package = 56A0DAAF2E958803009D8CBE /* XCLocalSwiftPackageReference "Modules/DesignSystem" */;
			productName = DesignSystem;
		};
		56A0DABB2E95899B009D8CBE /* CharacterList */ = {
			isa = XCSwiftPackageProductDependency;
			package = 56A0DAB02E958815009D8CBE /* XCLocalSwiftPackageReference "Modules/Features/CharacterList" */;
			productName = CharacterList;
		};
		56A0DABD2E9589A0009D8CBE /* AppCoordinator */ = {
			isa = XCSwiftPackageProductDependency;
			package = 56A0DAB12E95881E009D8CBE /* XCLocalSwiftPackageReference "Modules/AppCoordinator" */;
			productName = AppCoordinator;
		};
/* End XCSwiftPackageProductDependency section */
	};
	rootObject = 567170912E953BD2008FDB22 /* Project object */;
}
